
Microsoft Visual Studio Solution File, Format Version 12.00
# Visual Studio Version 16
VisualStudioVersion = 16.0.29409.12
MinimumVisualStudioVersion = 10.0.40219.1
Project("{FAE04EC0-301F-11D3-BF4B-00C04F79EFBC}") = "SchwimmbadLib", "SchwimmbadLib\SchwimmbadLib.csproj", "{AC8B074F-BF97-48B2-9613-2B45116C2259}"
EndProject
Project("{FAE04EC0-301F-11D3-BF4B-00C04F79EFBC}") = "SchwimmbadWebApplication", "SchwimmbadWebApplication\SchwimmbadWebApplication.csproj", "{F2A8124E-90EA-4F84-9A3B-03D25A09C264}"
EndProject
Global
	GlobalSection(SolutionConfigurationPlatforms) = preSolution
		Debug|Any CPU = Debug|Any CPU
		Release|Any CPU = Release|Any CPU
	EndGlobalSection
	GlobalSection(ProjectConfigurationPlatforms) = postSolution
		{AC8B074F-BF97-48B2-9613-2B45116C2259}.Debug|Any CPU.ActiveCfg = Debug|Any CPU
		{AC8B074F-BF97-48B2-9613-2B45116C2259}.Debug|Any CPU.Build.0 = Debug|Any CPU
		{AC8B074F-BF97-48B2-9613-2B45116C2259}.Release|Any CPU.ActiveCfg = Release|Any CPU
		{AC8B074F-BF97-48B2-9613-2B45116C2259}.Release|Any CPU.Build.0 = Release|Any CPU
		{F2A8124E-90EA-4F84-9A3B-03D25A09C264}.Debug|Any CPU.ActiveCfg = Debug|Any CPU
		{F2A8124E-90EA-4F84-9A3B-03D25A09C264}.Debug|Any CPU.Build.0 = Debug|Any CPU
		{F2A8124E-90EA-4F84-9A3B-03D25A09C264}.Release|Any CPU.ActiveCfg = Release|Any CPU
		{F2A8124E-90EA-4F84-9A3B-03D25A09C264}.Release|Any CPU.Build.0 = Release|Any CPU
	EndGlobalSection
	GlobalSection(SolutionProperties) = preSolution
		HideSolutionNode = FALSE
	EndGlobalSection
	GlobalSection(ExtensibilityGlobals) = postSolution
		SolutionGuid = {7041C8B3-3D99-4BCB-BC15-C1C84C3B460B}
	EndGlobalSection
EndGlobal
